
Microsoft Visual Studio Solution File, Format Version 12.00
# Visual Studio Version 17
VisualStudioVersion = 17.9.34701.34
MinimumVisualStudioVersion = 10.0.40219.1
Project("{9A19103F-16F7-4668-BE54-9A1E7A4F7556}") = "M3ConnectProject", "M3ConnectProject\M3ConnectProject.csproj", "{9B50FE0E-4674-42E1-9289-E169336D1742}"
EndProject
Project("{FAE04EC0-301F-11D3-BF4B-00C04F79EFBC}") = "M3Connect.Db", "M3Connect.Db\M3Connect.Db.csproj", "{E08DBBD2-F238-4005-94BB-530D5B20F161}"
EndProject
Global
	GlobalSection(SolutionConfigurationPlatforms) = preSolution
		Debug|Any CPU = Debug|Any CPU
		Release|Any CPU = Release|Any CPU
	EndGlobalSection
	GlobalSection(ProjectConfigurationPlatforms) = postSolution
		{9B50FE0E-4674-42E1-9289-E169336D1742}.Debug|Any CPU.ActiveCfg = Debug|Any CPU
		{9B50FE0E-4674-42E1-9289-E169336D1742}.Debug|Any CPU.Build.0 = Debug|Any CPU
		{9B50FE0E-4674-42E1-9289-E169336D1742}.Release|Any CPU.ActiveCfg = Release|Any CPU
		{9B50FE0E-4674-42E1-9289-E169336D1742}.Release|Any CPU.Build.0 = Release|Any CPU
		{E08DBBD2-F238-4005-94BB-530D5B20F161}.Debug|Any CPU.ActiveCfg = Debug|Any CPU
		{E08DBBD2-F238-4005-94BB-530D5B20F161}.Debug|Any CPU.Build.0 = Debug|Any CPU
		{E08DBBD2-F238-4005-94BB-530D5B20F161}.Release|Any CPU.ActiveCfg = Release|Any CPU
		{E08DBBD2-F238-4005-94BB-530D5B20F161}.Release|Any CPU.Build.0 = Release|Any CPU
	EndGlobalSection
	GlobalSection(SolutionProperties) = preSolution
		HideSolutionNode = FALSE
	EndGlobalSection
	GlobalSection(ExtensibilityGlobals) = postSolution
		SolutionGuid = {AB80D794-D0FD-400E-A303-66847A23A317}
	EndGlobalSection
EndGlobal
